
Microsoft Visual Studio Solution File, Format Version 12.00
# Visual Studio Version 17
VisualStudioVersion = 17.3.32819.101
MinimumVisualStudioVersion = 10.0.40219.1
Project("{FAE04EC0-301F-11D3-BF4B-00C04F79EFBC}") = "Clase01", "Clase01\Clase01.csproj", "{72DAD5B2-973B-448F-94AB-A3F1E4F30A53}"
EndProject
Project("{2150E333-8FDC-42A3-9474-1A3956D46DE8}") = "Clase_01", "Clase_01", "{34A795AE-FBEE-4428-A8B3-9D2A929887F3}"
EndProject
Project("{2150E333-8FDC-42A3-9474-1A3956D46DE8}") = "EnClase", "EnClase", "{B4B2E002-28DF-4554-AB3E-85BC2908832A}"
EndProject
Project("{2150E333-8FDC-42A3-9474-1A3956D46DE8}") = "Ejercicios", "Ejercicios", "{F8DA21B7-44D9-4D96-890E-E5BBCE65196B}"
EndProject
Project("{2150E333-8FDC-42A3-9474-1A3956D46DE8}") = "Clase_02", "Clase_02", "{D12C8437-1398-4776-BB06-14AA493D311E}"
EndProject
Project("{2150E333-8FDC-42A3-9474-1A3956D46DE8}") = "EnClase", "EnClase", "{31BA8A72-4E5E-4277-9CA2-B4CEB8D38532}"
EndProject
Project("{2150E333-8FDC-42A3-9474-1A3956D46DE8}") = "Ejercicios", "Ejercicios", "{D9731DB6-0ED0-417D-B090-9107911EB2AE}"
EndProject
Project("{FAE04EC0-301F-11D3-BF4B-00C04F79EFBC}") = "Ejercicio01", "EjercicioI01\Ejercicio01.csproj", "{7B89D215-3CD7-40E2-87F6-DC5B6B59624D}"
EndProject
Project("{FAE04EC0-301F-11D3-BF4B-00C04F79EFBC}") = "Ejercicio02", "Ejercicio02\Ejercicio02.csproj", "{EE195B1D-20D8-4588-A705-E1128E445135}"
EndProject
Project("{FAE04EC0-301F-11D3-BF4B-00C04F79EFBC}") = "Ejercicio03", "Ejercicio03\Ejercicio03.csproj", "{B6EDB083-67F1-4E80-BE28-FB2B42422142}"
EndProject
Project("{FAE04EC0-301F-11D3-BF4B-00C04F79EFBC}") = "Ejercicio04", "Ejercicio04\Ejercicio04.csproj", "{85A0BF1A-F298-4A0B-BAFD-2780A4780840}"
EndProject
Project("{FAE04EC0-301F-11D3-BF4B-00C04F79EFBC}") = "Ejercicio05", "Ejercicio05\Ejercicio05.csproj", "{7CF62041-724B-4465-AE17-97BD9F9AACF8}"
EndProject
Project("{FAE04EC0-301F-11D3-BF4B-00C04F79EFBC}") = "Ejercicio06", "Ejercicio06\Ejercicio06.csproj", "{DC5D9B98-EF07-4C1E-BE56-C5A665C5AC3C}"
EndProject
Project("{FAE04EC0-301F-11D3-BF4B-00C04F79EFBC}") = "Ejercicio07", "Ejercicio07\Ejercicio07.csproj", "{7C5592A0-3AD0-4150-B443-F353377DB291}"
EndProject
Global
	GlobalSection(SolutionConfigurationPlatforms) = preSolution
		Debug|Any CPU = Debug|Any CPU
		Release|Any CPU = Release|Any CPU
	EndGlobalSection
	GlobalSection(ProjectConfigurationPlatforms) = postSolution
		{72DAD5B2-973B-448F-94AB-A3F1E4F30A53}.Debug|Any CPU.ActiveCfg = Debug|Any CPU
		{72DAD5B2-973B-448F-94AB-A3F1E4F30A53}.Debug|Any CPU.Build.0 = Debug|Any CPU
		{72DAD5B2-973B-448F-94AB-A3F1E4F30A53}.Release|Any CPU.ActiveCfg = Release|Any CPU
		{72DAD5B2-973B-448F-94AB-A3F1E4F30A53}.Release|Any CPU.Build.0 = Release|Any CPU
		{7B89D215-3CD7-40E2-87F6-DC5B6B59624D}.Debug|Any CPU.ActiveCfg = Debug|Any CPU
		{7B89D215-3CD7-40E2-87F6-DC5B6B59624D}.Debug|Any CPU.Build.0 = Debug|Any CPU
		{7B89D215-3CD7-40E2-87F6-DC5B6B59624D}.Release|Any CPU.ActiveCfg = Release|Any CPU
		{7B89D215-3CD7-40E2-87F6-DC5B6B59624D}.Release|Any CPU.Build.0 = Release|Any CPU
		{EE195B1D-20D8-4588-A705-E1128E445135}.Debug|Any CPU.ActiveCfg = Debug|Any CPU
		{EE195B1D-20D8-4588-A705-E1128E445135}.Debug|Any CPU.Build.0 = Debug|Any CPU
		{EE195B1D-20D8-4588-A705-E1128E445135}.Release|Any CPU.ActiveCfg = Release|Any CPU
		{EE195B1D-20D8-4588-A705-E1128E445135}.Release|Any CPU.Build.0 = Release|Any CPU
		{B6EDB083-67F1-4E80-BE28-FB2B42422142}.Debug|Any CPU.ActiveCfg = Debug|Any CPU
		{B6EDB083-67F1-4E80-BE28-FB2B42422142}.Debug|Any CPU.Build.0 = Debug|Any CPU
		{B6EDB083-67F1-4E80-BE28-FB2B42422142}.Release|Any CPU.ActiveCfg = Release|Any CPU
		{B6EDB083-67F1-4E80-BE28-FB2B42422142}.Release|Any CPU.Build.0 = Release|Any CPU
		{85A0BF1A-F298-4A0B-BAFD-2780A4780840}.Debug|Any CPU.ActiveCfg = Debug|Any CPU
		{85A0BF1A-F298-4A0B-BAFD-2780A4780840}.Debug|Any CPU.Build.0 = Debug|Any CPU
		{85A0BF1A-F298-4A0B-BAFD-2780A4780840}.Release|Any CPU.ActiveCfg = Release|Any CPU
		{85A0BF1A-F298-4A0B-BAFD-2780A4780840}.Release|Any CPU.Build.0 = Release|Any CPU
		{7CF62041-724B-4465-AE17-97BD9F9AACF8}.Debug|Any CPU.ActiveCfg = Debug|Any CPU
		{7CF62041-724B-4465-AE17-97BD9F9AACF8}.Debug|Any CPU.Build.0 = Debug|Any CPU
		{7CF62041-724B-4465-AE17-97BD9F9AACF8}.Release|Any CPU.ActiveCfg = Release|Any CPU
		{7CF62041-724B-4465-AE17-97BD9F9AACF8}.Release|Any CPU.Build.0 = Release|Any CPU
		{DC5D9B98-EF07-4C1E-BE56-C5A665C5AC3C}.Debug|Any CPU.ActiveCfg = Debug|Any CPU
		{DC5D9B98-EF07-4C1E-BE56-C5A665C5AC3C}.Debug|Any CPU.Build.0 = Debug|Any CPU
		{DC5D9B98-EF07-4C1E-BE56-C5A665C5AC3C}.Release|Any CPU.ActiveCfg = Release|Any CPU
		{DC5D9B98-EF07-4C1E-BE56-C5A665C5AC3C}.Release|Any CPU.Build.0 = Release|Any CPU
		{7C5592A0-3AD0-4150-B443-F353377DB291}.Debug|Any CPU.ActiveCfg = Debug|Any CPU
		{7C5592A0-3AD0-4150-B443-F353377DB291}.Debug|Any CPU.Build.0 = Debug|Any CPU
		{7C5592A0-3AD0-4150-B443-F353377DB291}.Release|Any CPU.ActiveCfg = Release|Any CPU
		{7C5592A0-3AD0-4150-B443-F353377DB291}.Release|Any CPU.Build.0 = Release|Any CPU
	EndGlobalSection
	GlobalSection(SolutionProperties) = preSolution
		HideSolutionNode = FALSE
	EndGlobalSection
	GlobalSection(NestedProjects) = preSolution
		{72DAD5B2-973B-448F-94AB-A3F1E4F30A53} = {B4B2E002-28DF-4554-AB3E-85BC2908832A}
		{B4B2E002-28DF-4554-AB3E-85BC2908832A} = {34A795AE-FBEE-4428-A8B3-9D2A929887F3}
		{F8DA21B7-44D9-4D96-890E-E5BBCE65196B} = {34A795AE-FBEE-4428-A8B3-9D2A929887F3}
		{31BA8A72-4E5E-4277-9CA2-B4CEB8D38532} = {D12C8437-1398-4776-BB06-14AA493D311E}
		{D9731DB6-0ED0-417D-B090-9107911EB2AE} = {D12C8437-1398-4776-BB06-14AA493D311E}
		{7B89D215-3CD7-40E2-87F6-DC5B6B59624D} = {F8DA21B7-44D9-4D96-890E-E5BBCE65196B}
		{EE195B1D-20D8-4588-A705-E1128E445135} = {F8DA21B7-44D9-4D96-890E-E5BBCE65196B}
		{B6EDB083-67F1-4E80-BE28-FB2B42422142} = {F8DA21B7-44D9-4D96-890E-E5BBCE65196B}
		{85A0BF1A-F298-4A0B-BAFD-2780A4780840} = {F8DA21B7-44D9-4D96-890E-E5BBCE65196B}
		{7CF62041-724B-4465-AE17-97BD9F9AACF8} = {F8DA21B7-44D9-4D96-890E-E5BBCE65196B}
		{DC5D9B98-EF07-4C1E-BE56-C5A665C5AC3C} = {F8DA21B7-44D9-4D96-890E-E5BBCE65196B}
		{7C5592A0-3AD0-4150-B443-F353377DB291} = {F8DA21B7-44D9-4D96-890E-E5BBCE65196B}
	EndGlobalSection
	GlobalSection(ExtensibilityGlobals) = postSolution
		SolutionGuid = {734C89A8-CCFA-4830-98F6-058FB5C54D64}
	EndGlobalSection
EndGlobal
