
Microsoft Visual Studio Solution File, Format Version 12.00
# Visual Studio Version 17
VisualStudioVersion = 17.3.32819.101
MinimumVisualStudioVersion = 10.0.40219.1
Project("{FAE04EC0-301F-11D3-BF4B-00C04F79EFBC}") = "Clase06", "Clase06\Clase06.csproj", "{278DE0CC-20A7-4AD2-9344-952F6CB1125B}"
EndProject
Global
	GlobalSection(SolutionConfigurationPlatforms) = preSolution
		Debug|Any CPU = Debug|Any CPU
		Release|Any CPU = Release|Any CPU
	EndGlobalSection
	GlobalSection(ProjectConfigurationPlatforms) = postSolution
		{278DE0CC-20A7-4AD2-9344-952F6CB1125B}.Debug|Any CPU.ActiveCfg = Debug|Any CPU
		{278DE0CC-20A7-4AD2-9344-952F6CB1125B}.Debug|Any CPU.Build.0 = Debug|Any CPU
		{278DE0CC-20A7-4AD2-9344-952F6CB1125B}.Release|Any CPU.ActiveCfg = Release|Any CPU
		{278DE0CC-20A7-4AD2-9344-952F6CB1125B}.Release|Any CPU.Build.0 = Release|Any CPU
	EndGlobalSection
	GlobalSection(SolutionProperties) = preSolution
		HideSolutionNode = FALSE
	EndGlobalSection
	GlobalSection(ExtensibilityGlobals) = postSolution
		SolutionGuid = {3A6822E2-F170-4510-AC06-9F1034975258}
	EndGlobalSection
EndGlobal
