
Microsoft Visual Studio Solution File, Format Version 12.00
# Visual Studio Version 17
VisualStudioVersion = 17.3.32819.101
MinimumVisualStudioVersion = 10.0.40219.1
Project("{FAE04EC0-301F-11D3-BF4B-00C04F79EFBC}") = "Ejercicio02_HerenciaDeportiva", "Ejercicio02_HerenciaDeportiva\Ejercicio02_HerenciaDeportiva.csproj", "{76598596-0FBE-4F16-8C52-57EA7C7E2C0A}"
EndProject
Global
	GlobalSection(SolutionConfigurationPlatforms) = preSolution
		Debug|Any CPU = Debug|Any CPU
		Release|Any CPU = Release|Any CPU
	EndGlobalSection
	GlobalSection(ProjectConfigurationPlatforms) = postSolution
		{76598596-0FBE-4F16-8C52-57EA7C7E2C0A}.Debug|Any CPU.ActiveCfg = Debug|Any CPU
		{76598596-0FBE-4F16-8C52-57EA7C7E2C0A}.Debug|Any CPU.Build.0 = Debug|Any CPU
		{76598596-0FBE-4F16-8C52-57EA7C7E2C0A}.Release|Any CPU.ActiveCfg = Release|Any CPU
		{76598596-0FBE-4F16-8C52-57EA7C7E2C0A}.Release|Any CPU.Build.0 = Release|Any CPU
	EndGlobalSection
	GlobalSection(SolutionProperties) = preSolution
		HideSolutionNode = FALSE
	EndGlobalSection
	GlobalSection(ExtensibilityGlobals) = postSolution
		SolutionGuid = {73DD560F-1042-43B2-A92D-0D7FF32C5BB7}
	EndGlobalSection
EndGlobal
