
Microsoft Visual Studio Solution File, Format Version 12.00
# Visual Studio Version 17
VisualStudioVersion = 17.3.32819.101
MinimumVisualStudioVersion = 10.0.40219.1
Project("{FAE04EC0-301F-11D3-BF4B-00C04F79EFBC}") = "Ejercicio02_Polimorfismo", "Ejercicio02_Polimorfismo\Ejercicio02_Polimorfismo.csproj", "{7E9FEAB2-1B9C-46DC-9F67-32A72BAE92C7}"
EndProject
Project("{FAE04EC0-301F-11D3-BF4B-00C04F79EFBC}") = "Entidades", "Entidades\Entidades.csproj", "{83D12F90-75A5-42FC-9FEE-D3C082DD73D3}"
EndProject
Project("{FAE04EC0-301F-11D3-BF4B-00C04F79EFBC}") = "blabla", "blabla\blabla.csproj", "{A10BDC7E-044E-409E-91F0-59A89C216A1D}"
EndProject
Global
	GlobalSection(SolutionConfigurationPlatforms) = preSolution
		Debug|Any CPU = Debug|Any CPU
		Release|Any CPU = Release|Any CPU
	EndGlobalSection
	GlobalSection(ProjectConfigurationPlatforms) = postSolution
		{7E9FEAB2-1B9C-46DC-9F67-32A72BAE92C7}.Debug|Any CPU.ActiveCfg = Debug|Any CPU
		{7E9FEAB2-1B9C-46DC-9F67-32A72BAE92C7}.Debug|Any CPU.Build.0 = Debug|Any CPU
		{7E9FEAB2-1B9C-46DC-9F67-32A72BAE92C7}.Release|Any CPU.ActiveCfg = Release|Any CPU
		{7E9FEAB2-1B9C-46DC-9F67-32A72BAE92C7}.Release|Any CPU.Build.0 = Release|Any CPU
		{83D12F90-75A5-42FC-9FEE-D3C082DD73D3}.Debug|Any CPU.ActiveCfg = Debug|Any CPU
		{83D12F90-75A5-42FC-9FEE-D3C082DD73D3}.Debug|Any CPU.Build.0 = Debug|Any CPU
		{83D12F90-75A5-42FC-9FEE-D3C082DD73D3}.Release|Any CPU.ActiveCfg = Release|Any CPU
		{83D12F90-75A5-42FC-9FEE-D3C082DD73D3}.Release|Any CPU.Build.0 = Release|Any CPU
		{A10BDC7E-044E-409E-91F0-59A89C216A1D}.Debug|Any CPU.ActiveCfg = Debug|Any CPU
		{A10BDC7E-044E-409E-91F0-59A89C216A1D}.Debug|Any CPU.Build.0 = Debug|Any CPU
		{A10BDC7E-044E-409E-91F0-59A89C216A1D}.Release|Any CPU.ActiveCfg = Release|Any CPU
		{A10BDC7E-044E-409E-91F0-59A89C216A1D}.Release|Any CPU.Build.0 = Release|Any CPU
	EndGlobalSection
	GlobalSection(SolutionProperties) = preSolution
		HideSolutionNode = FALSE
	EndGlobalSection
	GlobalSection(ExtensibilityGlobals) = postSolution
		SolutionGuid = {B137731F-E47E-45BB-AA18-44D1EBEC0B0D}
	EndGlobalSection
EndGlobal
