
Microsoft Visual Studio Solution File, Format Version 12.00
# Visual Studio Version 17
VisualStudioVersion = 17.3.32819.101
MinimumVisualStudioVersion = 10.0.40219.1
Project("{FAE04EC0-301F-11D3-BF4B-00C04F79EFBC}") = "Calculador", "Calculador\Calculador.csproj", "{2DB8D1DE-4270-4E14-9963-977BFA5C1D26}"
EndProject
Global
	GlobalSection(SolutionConfigurationPlatforms) = preSolution
		Debug|Any CPU = Debug|Any CPU
		Release|Any CPU = Release|Any CPU
	EndGlobalSection
	GlobalSection(ProjectConfigurationPlatforms) = postSolution
		{2DB8D1DE-4270-4E14-9963-977BFA5C1D26}.Debug|Any CPU.ActiveCfg = Debug|Any CPU
		{2DB8D1DE-4270-4E14-9963-977BFA5C1D26}.Debug|Any CPU.Build.0 = Debug|Any CPU
		{2DB8D1DE-4270-4E14-9963-977BFA5C1D26}.Release|Any CPU.ActiveCfg = Release|Any CPU
		{2DB8D1DE-4270-4E14-9963-977BFA5C1D26}.Release|Any CPU.Build.0 = Release|Any CPU
	EndGlobalSection
	GlobalSection(SolutionProperties) = preSolution
		HideSolutionNode = FALSE
	EndGlobalSection
	GlobalSection(ExtensibilityGlobals) = postSolution
		SolutionGuid = {F2BC717C-2E79-4D18-A41B-07BC641FFEDD}
	EndGlobalSection
EndGlobal
