
Microsoft Visual Studio Solution File, Format Version 12.00
# Visual Studio Version 17
VisualStudioVersion = 17.3.32819.101
MinimumVisualStudioVersion = 10.0.40219.1
Project("{FAE04EC0-301F-11D3-BF4B-00C04F79EFBC}") = "TorneoFutbol", "TorneoFutbol\TorneoFutbol.csproj", "{3DD7E7B7-7AA0-4BC7-B6CD-147703541101}"
	ProjectSection(ProjectDependencies) = postProject
		{EA3B9B61-41E8-4749-A666-F98A41C041EE} = {EA3B9B61-41E8-4749-A666-F98A41C041EE}
	EndProjectSection
EndProject
Project("{FAE04EC0-301F-11D3-BF4B-00C04F79EFBC}") = "EntidadesDeporte", "EntidadesDeporte\EntidadesDeporte.csproj", "{EA3B9B61-41E8-4749-A666-F98A41C041EE}"
EndProject
Global
	GlobalSection(SolutionConfigurationPlatforms) = preSolution
		Debug|Any CPU = Debug|Any CPU
		Release|Any CPU = Release|Any CPU
	EndGlobalSection
	GlobalSection(ProjectConfigurationPlatforms) = postSolution
		{3DD7E7B7-7AA0-4BC7-B6CD-147703541101}.Debug|Any CPU.ActiveCfg = Debug|Any CPU
		{3DD7E7B7-7AA0-4BC7-B6CD-147703541101}.Debug|Any CPU.Build.0 = Debug|Any CPU
		{3DD7E7B7-7AA0-4BC7-B6CD-147703541101}.Release|Any CPU.ActiveCfg = Release|Any CPU
		{3DD7E7B7-7AA0-4BC7-B6CD-147703541101}.Release|Any CPU.Build.0 = Release|Any CPU
		{EA3B9B61-41E8-4749-A666-F98A41C041EE}.Debug|Any CPU.ActiveCfg = Debug|Any CPU
		{EA3B9B61-41E8-4749-A666-F98A41C041EE}.Debug|Any CPU.Build.0 = Debug|Any CPU
		{EA3B9B61-41E8-4749-A666-F98A41C041EE}.Release|Any CPU.ActiveCfg = Release|Any CPU
		{EA3B9B61-41E8-4749-A666-F98A41C041EE}.Release|Any CPU.Build.0 = Release|Any CPU
	EndGlobalSection
	GlobalSection(SolutionProperties) = preSolution
		HideSolutionNode = FALSE
	EndGlobalSection
	GlobalSection(ExtensibilityGlobals) = postSolution
		SolutionGuid = {598A539E-78CE-4148-A711-46EBAEA3B8C7}
	EndGlobalSection
EndGlobal
