
Microsoft Visual Studio Solution File, Format Version 12.00
# Visual Studio Version 17
VisualStudioVersion = 17.3.32819.101
MinimumVisualStudioVersion = 10.0.40219.1
Project("{FAE04EC0-301F-11D3-BF4B-00C04F79EFBC}") = "Polimorfismo", "Polimorfismo\Polimorfismo.csproj", "{EFD917F1-C7D9-4BAE-896D-240A56691D21}"
EndProject
Project("{FAE04EC0-301F-11D3-BF4B-00C04F79EFBC}") = "Entidades", "Entidades\Entidades.csproj", "{C2C4B626-40B7-4BDC-8E03-5A8C06A7C2FC}"
EndProject
Global
	GlobalSection(SolutionConfigurationPlatforms) = preSolution
		Debug|Any CPU = Debug|Any CPU
		Release|Any CPU = Release|Any CPU
	EndGlobalSection
	GlobalSection(ProjectConfigurationPlatforms) = postSolution
		{EFD917F1-C7D9-4BAE-896D-240A56691D21}.Debug|Any CPU.ActiveCfg = Debug|Any CPU
		{EFD917F1-C7D9-4BAE-896D-240A56691D21}.Debug|Any CPU.Build.0 = Debug|Any CPU
		{EFD917F1-C7D9-4BAE-896D-240A56691D21}.Release|Any CPU.ActiveCfg = Release|Any CPU
		{EFD917F1-C7D9-4BAE-896D-240A56691D21}.Release|Any CPU.Build.0 = Release|Any CPU
		{C2C4B626-40B7-4BDC-8E03-5A8C06A7C2FC}.Debug|Any CPU.ActiveCfg = Debug|Any CPU
		{C2C4B626-40B7-4BDC-8E03-5A8C06A7C2FC}.Debug|Any CPU.Build.0 = Debug|Any CPU
		{C2C4B626-40B7-4BDC-8E03-5A8C06A7C2FC}.Release|Any CPU.ActiveCfg = Release|Any CPU
		{C2C4B626-40B7-4BDC-8E03-5A8C06A7C2FC}.Release|Any CPU.Build.0 = Release|Any CPU
	EndGlobalSection
	GlobalSection(SolutionProperties) = preSolution
		HideSolutionNode = FALSE
	EndGlobalSection
	GlobalSection(ExtensibilityGlobals) = postSolution
		SolutionGuid = {78851B50-694A-42E5-9200-D76BDF98FFF2}
	EndGlobalSection
EndGlobal
